{
  "version": 4,
  "terraform_version": "1.0.8",
  "serial": 8,
  "lineage": "17cdc819-6a60-a7c0-e7f0-9f66bb1e6d93",
  "outputs": {},
  "resources": [
    {
      "module": "module.ec2_prov",
      "mode": "managed",
      "type": "aws_instance",
      "name": "web",
      "provider": "provider[\"registry.terraform.io/hashicorp/aws\"]",
      "instances": [
        {
          "schema_version": 1,
          "attributes": {
            "ami": "ami-035b3c7efe6d061d5",
            "arn": "arn:aws:ec2:us-east-1:977761437422:instance/i-065a7eb886af9e28c",
            "associate_public_ip_address": true,
            "availability_zone": "us-east-1c",
            "capacity_reservation_specification": [
              {
                "capacity_reservation_preference": "open",
                "capacity_reservation_target": []
              }
            ],
            "cpu_core_count": 1,
            "cpu_threads_per_core": 1,
            "credit_specification": [
              {
                "cpu_credits": "standard"
              }
            ],
            "disable_api_termination": false,
            "ebs_block_device": [],
            "ebs_optimized": false,
            "enclave_options": [
              {
                "enabled": false
              }
            ],
            "ephemeral_block_device": [],
            "get_password_data": false,
            "hibernation": false,
            "host_id": null,
            "iam_instance_profile": "",
            "id": "i-065a7eb886af9e28c",
            "instance_initiated_shutdown_behavior": "stop",
            "instance_state": "running",
            "instance_type": "t2.micro",
            "ipv6_address_count": 0,
            "ipv6_addresses": [],
            "key_name": "kt",
            "launch_template": [],
            "metadata_options": [
              {
                "http_endpoint": "enabled",
                "http_put_response_hop_limit": 1,
                "http_tokens": "optional"
              }
            ],
            "monitoring": false,
            "network_interface": [],
            "outpost_arn": "",
            "password_data": "",
            "placement_group": "",
            "placement_partition_number": null,
            "primary_network_interface_id": "eni-08d4f0f3da5a3de63",
            "private_dns": "ip-10-0-1-169.ec2.internal",
            "private_ip": "10.0.1.169",
            "public_dns": "ec2-54-227-62-84.compute-1.amazonaws.com",
            "public_ip": "54.227.62.84",
            "root_block_device": [
              {
                "delete_on_termination": true,
                "device_name": "/dev/xvda",
                "encrypted": false,
                "iops": 100,
                "kms_key_id": "",
                "tags": {},
                "throughput": 0,
                "volume_id": "vol-077be2ee9e1259923",
                "volume_size": 8,
                "volume_type": "gp2"
              }
            ],
            "secondary_private_ips": [],
            "security_groups": [],
            "source_dest_check": true,
            "subnet_id": "subnet-05f0e55c4723a82a9",
            "tags": {
              "Name": "Ec2-with-VPC"
            },
            "tags_all": {
              "Name": "Ec2-with-VPC"
            },
            "tenancy": "default",
            "timeouts": null,
            "user_data": null,
            "user_data_base64": null,
            "volume_tags": null,
            "vpc_security_group_ids": [
              "sg-01026845b4447e16c"
            ]
          },
          "sensitive_attributes": [],
          "private": "eyJlMmJmYjczMC1lY2FhLTExZTYtOGY4OC0zNDM2M2JjN2M0YzAiOnsiY3JlYXRlIjo2MDAwMDAwMDAwMDAsImRlbGV0ZSI6MTIwMDAwMDAwMDAwMCwidXBkYXRlIjo2MDAwMDAwMDAwMDB9LCJzY2hlbWFfdmVyc2lvbiI6IjEifQ==",
          "dependencies": [
            "module.prod_vpc.aws_security_group.allow_ssh",
            "module.prod_vpc.aws_subnet.public_1",
            "module.prod_vpc.aws_vpc.vpc_demo"
          ]
        }
      ]
    },
    {
      "module": "module.prod_vpc",
      "mode": "managed",
      "type": "aws_internet_gateway",
      "name": "gw",
      "provider": "provider[\"registry.terraform.io/hashicorp/aws\"]",
      "instances": [
        {
          "schema_version": 0,
          "attributes": {
            "arn": "arn:aws:ec2:us-east-1:977761437422:internet-gateway/igw-0a287c4aee32b431d",
            "id": "igw-0a287c4aee32b431d",
            "owner_id": "977761437422",
            "tags": {
              "Name": "internet-gateway-demo"
            },
            "tags_all": {
              "Name": "internet-gateway-demo"
            },
            "vpc_id": "vpc-0b21e5d9aa6002e20"
          },
          "sensitive_attributes": [],
          "private": "bnVsbA==",
          "dependencies": [
            "module.prod_vpc.aws_vpc.vpc_demo"
          ]
        }
      ]
    },
    {
      "module": "module.prod_vpc",
      "mode": "managed",
      "type": "aws_route_table",
      "name": "route-public",
      "provider": "provider[\"registry.terraform.io/hashicorp/aws\"]",
      "instances": [
        {
          "schema_version": 0,
          "attributes": {
            "arn": "arn:aws:ec2:us-east-1:977761437422:route-table/rtb-0607d93052340d17b",
            "id": "rtb-0607d93052340d17b",
            "owner_id": "977761437422",
            "propagating_vgws": [],
            "route": [
              {
                "carrier_gateway_id": "",
                "cidr_block": "0.0.0.0/0",
                "destination_prefix_list_id": "",
                "egress_only_gateway_id": "",
                "gateway_id": "igw-0a287c4aee32b431d",
                "instance_id": "",
                "ipv6_cidr_block": "",
                "local_gateway_id": "",
                "nat_gateway_id": "",
                "network_interface_id": "",
                "transit_gateway_id": "",
                "vpc_endpoint_id": "",
                "vpc_peering_connection_id": ""
              }
            ],
            "tags": {
              "Name": "public-route-table-demo"
            },
            "tags_all": {
              "Name": "public-route-table-demo"
            },
            "timeouts": null,
            "vpc_id": "vpc-0b21e5d9aa6002e20"
          },
          "sensitive_attributes": [],
          "private": "eyJlMmJmYjczMC1lY2FhLTExZTYtOGY4OC0zNDM2M2JjN2M0YzAiOnsiY3JlYXRlIjoxMjAwMDAwMDAwMDAsImRlbGV0ZSI6MzAwMDAwMDAwMDAwLCJ1cGRhdGUiOjEyMDAwMDAwMDAwMH19",
          "dependencies": [
            "module.prod_vpc.aws_internet_gateway.gw",
            "module.prod_vpc.aws_vpc.vpc_demo"
          ]
        }
      ]
    },
    {
      "module": "module.prod_vpc",
      "mode": "managed",
      "type": "aws_route_table_association",
      "name": "public_1",
      "provider": "provider[\"registry.terraform.io/hashicorp/aws\"]",
      "instances": [
        {
          "schema_version": 0,
          "attributes": {
            "gateway_id": "",
            "id": "rtbassoc-0f879d2bdeba67c51",
            "route_table_id": "rtb-0607d93052340d17b",
            "subnet_id": "subnet-05f0e55c4723a82a9"
          },
          "sensitive_attributes": [],
          "private": "bnVsbA==",
          "dependencies": [
            "module.prod_vpc.aws_internet_gateway.gw",
            "module.prod_vpc.aws_route_table.route-public",
            "module.prod_vpc.aws_subnet.public_1",
            "module.prod_vpc.aws_vpc.vpc_demo"
          ]
        }
      ]
    },
    {
      "module": "module.prod_vpc",
      "mode": "managed",
      "type": "aws_security_group",
      "name": "allow_ssh",
      "provider": "provider[\"registry.terraform.io/hashicorp/aws\"]",
      "instances": [
        {
          "schema_version": 1,
          "attributes": {
            "arn": "arn:aws:ec2:us-east-1:977761437422:security-group/sg-01026845b4447e16c",
            "description": "Allow SSH inbound traffic",
            "egress": [
              {
                "cidr_blocks": [
                  "0.0.0.0/0"
                ],
                "description": "",
                "from_port": 0,
                "ipv6_cidr_blocks": [],
                "prefix_list_ids": [],
                "protocol": "-1",
                "security_groups": [],
                "self": false,
                "to_port": 0
              }
            ],
            "id": "sg-01026845b4447e16c",
            "ingress": [
              {
                "cidr_blocks": [
                  "0.0.0.0/0"
                ],
                "description": "",
                "from_port": 22,
                "ipv6_cidr_blocks": [],
                "prefix_list_ids": [],
                "protocol": "tcp",
                "security_groups": [],
                "self": false,
                "to_port": 22
              }
            ],
            "name": "allow_SSH",
            "name_prefix": "",
            "owner_id": "977761437422",
            "revoke_rules_on_delete": false,
            "tags": null,
            "tags_all": {},
            "timeouts": null,
            "vpc_id": "vpc-0b21e5d9aa6002e20"
          },
          "sensitive_attributes": [],
          "private": "eyJlMmJmYjczMC1lY2FhLTExZTYtOGY4OC0zNDM2M2JjN2M0YzAiOnsiY3JlYXRlIjo2MDAwMDAwMDAwMDAsImRlbGV0ZSI6OTAwMDAwMDAwMDAwfSwic2NoZW1hX3ZlcnNpb24iOiIxIn0=",
          "dependencies": [
            "module.prod_vpc.aws_vpc.vpc_demo"
          ]
        }
      ]
    },
    {
      "module": "module.prod_vpc",
      "mode": "managed",
      "type": "aws_subnet",
      "name": "public_1",
      "provider": "provider[\"registry.terraform.io/hashicorp/aws\"]",
      "instances": [
        {
          "schema_version": 1,
          "attributes": {
            "arn": "arn:aws:ec2:us-east-1:977761437422:subnet/subnet-05f0e55c4723a82a9",
            "assign_ipv6_address_on_creation": false,
            "availability_zone": "us-east-1c",
            "availability_zone_id": "use1-az4",
            "cidr_block": "10.0.1.0/24",
            "customer_owned_ipv4_pool": "",
            "id": "subnet-05f0e55c4723a82a9",
            "ipv6_cidr_block": "",
            "ipv6_cidr_block_association_id": "",
            "map_customer_owned_ip_on_launch": false,
            "map_public_ip_on_launch": true,
            "outpost_arn": "",
            "owner_id": "977761437422",
            "tags": {
              "Name": "public_1-demo"
            },
            "tags_all": {
              "Name": "public_1-demo"
            },
            "timeouts": null,
            "vpc_id": "vpc-0b21e5d9aa6002e20"
          },
          "sensitive_attributes": [],
          "private": "eyJlMmJmYjczMC1lY2FhLTExZTYtOGY4OC0zNDM2M2JjN2M0YzAiOnsiY3JlYXRlIjo2MDAwMDAwMDAwMDAsImRlbGV0ZSI6MTIwMDAwMDAwMDAwMH0sInNjaGVtYV92ZXJzaW9uIjoiMSJ9",
          "dependencies": [
            "module.prod_vpc.aws_vpc.vpc_demo"
          ]
        }
      ]
    },
    {
      "module": "module.prod_vpc",
      "mode": "managed",
      "type": "aws_vpc",
      "name": "vpc_demo",
      "provider": "provider[\"registry.terraform.io/hashicorp/aws\"]",
      "instances": [
        {
          "schema_version": 1,
          "attributes": {
            "arn": "arn:aws:ec2:us-east-1:977761437422:vpc/vpc-0b21e5d9aa6002e20",
            "assign_generated_ipv6_cidr_block": false,
            "cidr_block": "10.0.0.0/16",
            "default_network_acl_id": "acl-07f1b182d9716333c",
            "default_route_table_id": "rtb-04dbc997b3c0426f7",
            "default_security_group_id": "sg-065ed839472459c93",
            "dhcp_options_id": "dopt-02538986a1bd3c53a",
            "enable_classiclink": false,
            "enable_classiclink_dns_support": false,
            "enable_dns_hostnames": true,
            "enable_dns_support": true,
            "id": "vpc-0b21e5d9aa6002e20",
            "instance_tenancy": "default",
            "ipv6_association_id": "",
            "ipv6_cidr_block": "",
            "main_route_table_id": "rtb-04dbc997b3c0426f7",
            "owner_id": "977761437422",
            "tags": {
              "Name": "Vpc-custom-demo"
            },
            "tags_all": {
              "Name": "Vpc-custom-demo"
            }
          },
          "sensitive_attributes": [],
          "private": "eyJzY2hlbWFfdmVyc2lvbiI6IjEifQ=="
        }
      ]
    }
  ]
}
